[root]
name = "rstracer"
version = "0.0.1"
dependencies = [
 "bmp 0.0.1 (git+https://github.com/sondrele/rust-bmp.git#cde25547a9efc2deb065e037093c7ae78f2ce2eb)",
]

[[package]]
name = "bmp"
version = "0.0.1"
source = "git+https://github.com/sondrele/rust-bmp.git#cde25547a9efc2deb065e037093c7ae78f2ce2eb"

